
Microsoft Visual Studio Solution File, Format Version 12.00
# Visual Studio Version 16
VisualStudioVersion = 16.0.30330.147
MinimumVisualStudioVersion = 10.0.40219.1
Project("{9A19103F-16F7-4668-BE54-9A1E7A4F7556}") = "Calculations", "Calculations\Calculations.csproj", "{6491622B-0CB2-49FB-8792-F2DF38BC8940}"
EndProject
Project("{9A19103F-16F7-4668-BE54-9A1E7A4F7556}") = "DistanceCalculator.Tests", "Tests\DistanceCalculator.Tests.csproj", "{B12D90C7-22E8-4CCB-B3FF-068CD7ADCE1A}"
EndProject
Project("{9A19103F-16F7-4668-BE54-9A1E7A4F7556}") = "CalculatorForm", "CalculatorForm\CalculatorForm.csproj", "{7D80E35C-85B6-4870-ACD3-B3A9FFA8AB6D}"
EndProject
Project("{9A19103F-16F7-4668-BE54-9A1E7A4F7556}") = "CalculatorWPF", "CalculatorWPF\CalculatorWPF.csproj", "{3A37B930-F01C-4B95-AFE7-6E57ADA74B22}"
EndProject
Project("{FAE04EC0-301F-11D3-BF4B-00C04F79EFBC}") = "DistanceCalculator.WPF.Tests", "DistanceCalculator.WPF.Tests\DistanceCalculator.WPF.Tests.csproj", "{1E25E016-0B13-4C9D-8ACA-88D73D74FEED}"
EndProject
Global
	GlobalSection(SolutionConfigurationPlatforms) = preSolution
		Debug|Any CPU = Debug|Any CPU
		Release|Any CPU = Release|Any CPU
	EndGlobalSection
	GlobalSection(ProjectConfigurationPlatforms) = postSolution
		{6491622B-0CB2-49FB-8792-F2DF38BC8940}.Debug|Any CPU.ActiveCfg = Debug|Any CPU
		{6491622B-0CB2-49FB-8792-F2DF38BC8940}.Debug|Any CPU.Build.0 = Debug|Any CPU
		{6491622B-0CB2-49FB-8792-F2DF38BC8940}.Release|Any CPU.ActiveCfg = Release|Any CPU
		{6491622B-0CB2-49FB-8792-F2DF38BC8940}.Release|Any CPU.Build.0 = Release|Any CPU
		{B12D90C7-22E8-4CCB-B3FF-068CD7ADCE1A}.Debug|Any CPU.ActiveCfg = Debug|Any CPU
		{B12D90C7-22E8-4CCB-B3FF-068CD7ADCE1A}.Debug|Any CPU.Build.0 = Debug|Any CPU
		{B12D90C7-22E8-4CCB-B3FF-068CD7ADCE1A}.Release|Any CPU.ActiveCfg = Release|Any CPU
		{B12D90C7-22E8-4CCB-B3FF-068CD7ADCE1A}.Release|Any CPU.Build.0 = Release|Any CPU
		{7D80E35C-85B6-4870-ACD3-B3A9FFA8AB6D}.Debug|Any CPU.ActiveCfg = Debug|Any CPU
		{7D80E35C-85B6-4870-ACD3-B3A9FFA8AB6D}.Debug|Any CPU.Build.0 = Debug|Any CPU
		{7D80E35C-85B6-4870-ACD3-B3A9FFA8AB6D}.Release|Any CPU.ActiveCfg = Release|Any CPU
		{7D80E35C-85B6-4870-ACD3-B3A9FFA8AB6D}.Release|Any CPU.Build.0 = Release|Any CPU
		{3A37B930-F01C-4B95-AFE7-6E57ADA74B22}.Debug|Any CPU.ActiveCfg = Debug|Any CPU
		{3A37B930-F01C-4B95-AFE7-6E57ADA74B22}.Debug|Any CPU.Build.0 = Debug|Any CPU
		{3A37B930-F01C-4B95-AFE7-6E57ADA74B22}.Release|Any CPU.ActiveCfg = Release|Any CPU
		{3A37B930-F01C-4B95-AFE7-6E57ADA74B22}.Release|Any CPU.Build.0 = Release|Any CPU
		{1E25E016-0B13-4C9D-8ACA-88D73D74FEED}.Debug|Any CPU.ActiveCfg = Debug|Any CPU
		{1E25E016-0B13-4C9D-8ACA-88D73D74FEED}.Debug|Any CPU.Build.0 = Debug|Any CPU
		{1E25E016-0B13-4C9D-8ACA-88D73D74FEED}.Release|Any CPU.ActiveCfg = Release|Any CPU
		{1E25E016-0B13-4C9D-8ACA-88D73D74FEED}.Release|Any CPU.Build.0 = Release|Any CPU
	EndGlobalSection
	GlobalSection(SolutionProperties) = preSolution
		HideSolutionNode = FALSE
	EndGlobalSection
	GlobalSection(ExtensibilityGlobals) = postSolution
		SolutionGuid = {0785023D-1AD4-468F-B16A-766DE98156F1}
	EndGlobalSection
EndGlobal
